// !$*UTF8*$!
{
	archiveVersion = 1;
	classes = {
	};
	objectVersion = 51;
	objects = {

/* Begin PBXBuildFile section */
		0212A534263C35C600627363 /* settingsStations.swift in Sources */ = {isa = PBXBuildFile; fileRef = 0212A533263C35C600627363 /* settingsStations.swift */; };
		0212A536263D897200627363 /* stationAndTime.swift in Sources */ = {isa = PBXBuildFile; fileRef = 0212A535263D897200627363 /* stationAndTime.swift */; };
		022E53302630EAB6007921D9 /* variousSettingsBackButton.swift in Sources */ = {isa = PBXBuildFile; fileRef = 022E532F2630EAB6007921D9 /* variousSettingsBackButton.swift */; };
		022E53422633B3C0007921D9 /* InfoPlist.strings in Resources */ = {isa = PBXBuildFile; fileRef = 022E53442633B3C0007921D9 /* InfoPlist.strings */; };
		0257E432263E1B3D00D45CFB /* Color.swift in Sources */ = {isa = PBXBuildFile; fileRef = 0257E431263E1B3D00D45CFB /* Color.swift */; };
		0257E435263E1BF500D45CFB /* Common.swift in Sources */ = {isa = PBXBuildFile; fileRef = 0257E434263E1BF500D45CFB /* Common.swift */; };
		02C15511262BC9170037EEC0 /* ContentView.swift in Sources */ = {isa = PBXBuildFile; fileRef = 02C15510262BC9170037EEC0 /* ContentView.swift */; };
		02C15519262BCFBB0037EEC0 /* passwordResetAlertView.swift in Sources */ = {isa = PBXBuildFile; fileRef = 02C15518262BCFBB0037EEC0 /* passwordResetAlertView.swift */; };
		02E7F69E261F35D700C00545 /* Localizable.strings in Resources */ = {isa = PBXBuildFile; fileRef = 02E7F6A0261F35D700C00545 /* Localizable.strings */; };
		02E7F6AC261FD4D600C00545 /* SettingsContentView.swift in Sources */ = {isa = PBXBuildFile; fileRef = 02E7F6AB261FD4D600C00545 /* SettingsContentView.swift */; };
		02E7F6B1261FD4F400C00545 /* SettingsViewModel.swift in Sources */ = {isa = PBXBuildFile; fileRef = 02E7F6B0261FD4F400C00545 /* SettingsViewModel.swift */; };
		02E7F6B6261FD52000C00545 /* settingsLinkView.swift in Sources */ = {isa = PBXBuildFile; fileRef = 02E7F6B5261FD52000C00545 /* settingsLinkView.swift */; };
		02E7F6C3261FD58900C00545 /* settingsVersion.swift in Sources */ = {isa = PBXBuildFile; fileRef = 02E7F6C2261FD58900C00545 /* settingsVersion.swift */; };
		02E7F6CD261FD5E800C00545 /* settingsSwitchRoute2.swift in Sources */ = {isa = PBXBuildFile; fileRef = 02E7F6CC261FD5E800C00545 /* settingsSwitchRoute2.swift */; };
		02E7F6D2261FD61400C00545 /* settingsChangeLine.swift in Sources */ = {isa = PBXBuildFile; fileRef = 02E7F6D1261FD61400C00545 /* settingsChangeLine.swift */; };
		02E7F6D7261FD63A00C00545 /* settingsBackButton.swift in Sources */ = {isa = PBXBuildFile; fileRef = 02E7F6D6261FD63A00C00545 /* settingsBackButton.swift */; };
		02E7F6E1261FD6DA00C00545 /* deleteAccountButton.swift in Sources */ = {isa = PBXBuildFile; fileRef = 02E7F6E0261FD6DA00C00545 /* deleteAccountButton.swift */; };
		02E7F6E6261FD6F800C00545 /* logOutButton.swift in Sources */ = {isa = PBXBuildFile; fileRef = 02E7F6E5261FD6F800C00545 /* logOutButton.swift */; };
		02E7F6EE261FD71700C00545 /* setDataButton.swift in Sources */ = {isa = PBXBuildFile; fileRef = 02E7F6ED261FD71700C00545 /* setDataButton.swift */; };
		02E7F6F3261FD72900C00545 /* getDataButton.swift in Sources */ = {isa = PBXBuildFile; fileRef = 02E7F6F2261FD72900C00545 /* getDataButton.swift */; };
		02E7F6FD261FD7F200C00545 /* VariousSettingsContentView.swift in Sources */ = {isa = PBXBuildFile; fileRef = 02E7F6FC261FD7F200C00545 /* VariousSettingsContentView.swift */; };
		02E7F714262083A000C00545 /* settingsLineName.swift in Sources */ = {isa = PBXBuildFile; fileRef = 02E7F713262083A000C00545 /* settingsLineName.swift */; };
		02E7F7192620840700C00545 /* settingsRideTime.swift in Sources */ = {isa = PBXBuildFile; fileRef = 02E7F7182620840700C00545 /* settingsRideTime.swift */; };
		02E7F71E2620848D00C00545 /* settingsTransitTime.swift in Sources */ = {isa = PBXBuildFile; fileRef = 02E7F71D2620848D00C00545 /* settingsTransitTime.swift */; };
		02E7F723262084FA00C00545 /* settingsTransportation.swift in Sources */ = {isa = PBXBuildFile; fileRef = 02E7F722262084FA00C00545 /* settingsTransportation.swift */; };
		02E7F7282620856100C00545 /* TimetableContentView.swift in Sources */ = {isa = PBXBuildFile; fileRef = 02E7F7272620856100C00545 /* TimetableContentView.swift */; };
		02E7F72D2620858600C00545 /* TimetableTitleView.swift in Sources */ = {isa = PBXBuildFile; fileRef = 02E7F72C2620858600C00545 /* TimetableTitleView.swift */; };
		02E7F732262085A800C00545 /* TimetableGridView.swift in Sources */ = {isa = PBXBuildFile; fileRef = 02E7F731262085A800C00545 /* TimetableGridView.swift */; };
		02E7F7462620874E00C00545 /* imagePickerView.swift in Sources */ = {isa = PBXBuildFile; fileRef = 02E7F7452620874E00C00545 /* imagePickerView.swift */; };
		02E7F74B2620877700C00545 /* imagePicker.swift in Sources */ = {isa = PBXBuildFile; fileRef = 02E7F74A2620877700C00545 /* imagePicker.swift */; };
		02E7F75526208B4E00C00545 /* timeFieldAlertView.swift in Sources */ = {isa = PBXBuildFile; fileRef = 02E7F75426208B4E00C00545 /* timeFieldAlertView.swift */; };
		02F0257C261BDD7E00655E54 /* mytimetablemaker_swiftuiApp.swift in Sources */ = {isa = PBXBuildFile; fileRef = 02F0257B261BDD7E00655E54 /* mytimetablemaker_swiftuiApp.swift */; };
		02F02580261BDD7F00655E54 /* Assets.xcassets in Resources */ = {isa = PBXBuildFile; fileRef = 02F0257F261BDD7F00655E54 /* Assets.xcassets */; };
		02F02583261BDD7F00655E54 /* Preview Assets.xcassets in Resources */ = {isa = PBXBuildFile; fileRef = 02F02582261BDD7F00655E54 /* Preview Assets.xcassets */; };
		02F02588261BDD7F00655E54 /* mytimetablemaker_swiftui.xcdatamodeld in Sources */ = {isa = PBXBuildFile; fileRef = 02F02586261BDD7F00655E54 /* mytimetablemaker_swiftui.xcdatamodeld */; };
		02F02593261BDD7F00655E54 /* mytimetablemaker_swiftuiTests.swift in Sources */ = {isa = PBXBuildFile; fileRef = 02F02592261BDD7F00655E54 /* mytimetablemaker_swiftuiTests.swift */; };
		02F0259E261BDD7F00655E54 /* mytimetablemaker_swiftuiUITests.swift in Sources */ = {isa = PBXBuildFile; fileRef = 02F0259D261BDD7F00655E54 /* mytimetablemaker_swiftuiUITests.swift */; };
		02F025B8261BDE7900655E54 /* CalcTime.swift in Sources */ = {isa = PBXBuildFile; fileRef = 02F025B7261BDE7900655E54 /* CalcTime.swift */; };
		02F025BD261BDEA000655E54 /* DateAndTime.swift in Sources */ = {isa = PBXBuildFile; fileRef = 02F025BC261BDEA000655E54 /* DateAndTime.swift */; };
		02F025C5261BDED100655E54 /* EnumSetting.swift in Sources */ = {isa = PBXBuildFile; fileRef = 02F025C4261BDED100655E54 /* EnumSetting.swift */; };
		02F025CA261BDF0600655E54 /* LineData.swift in Sources */ = {isa = PBXBuildFile; fileRef = 02F025C9261BDF0600655E54 /* LineData.swift */; };
		02F025CF261BDF2D00655E54 /* Timetable.swift in Sources */ = {isa = PBXBuildFile; fileRef = 02F025CE261BDF2D00655E54 /* Timetable.swift */; };
		02F025D7261BE0D500655E54 /* NavigationBarModifier.swift in Sources */ = {isa = PBXBuildFile; fileRef = 02F025D6261BE0D500655E54 /* NavigationBarModifier.swift */; };
		02F025E7261BE54700655E54 /* LoginViewModel.swift in Sources */ = {isa = PBXBuildFile; fileRef = 02F025E6261BE54700655E54 /* LoginViewModel.swift */; };
		02F025ED261BE5A500655E54 /* MainViewModel.swift in Sources */ = {isa = PBXBuildFile; fileRef = 02F025EC261BE5A500655E54 /* MainViewModel.swift */; };
		02F025F2261BE77D00655E54 /* LoginBackgroundView.swift in Sources */ = {isa = PBXBuildFile; fileRef = 02F025F1261BE77D00655E54 /* LoginBackgroundView.swift */; };
		02F02616261C92C300655E54 /* emailPlusTextField.swift in Sources */ = {isa = PBXBuildFile; fileRef = 02F02615261C92C300655E54 /* emailPlusTextField.swift */; };
		02F0261E261C930A00655E54 /* emailTextField.swift in Sources */ = {isa = PBXBuildFile; fileRef = 02F0261D261C930A00655E54 /* emailTextField.swift */; };
		02F02623261C935A00655E54 /* FirestoreViewModel.swift in Sources */ = {isa = PBXBuildFile; fileRef = 02F02622261C935A00655E54 /* FirestoreViewModel.swift */; };
		02F02628261C939F00655E54 /* loginButton.swift in Sources */ = {isa = PBXBuildFile; fileRef = 02F02627261C939F00655E54 /* loginButton.swift */; };
		02F0262D261C94E600655E54 /* LoginContentView.swift in Sources */ = {isa = PBXBuildFile; fileRef = 02F0262C261C94E600655E54 /* LoginContentView.swift */; };
		02F02632261C952500655E54 /* moveSignUpButton.swift in Sources */ = {isa = PBXBuildFile; fileRef = 02F02631261C952500655E54 /* moveSignUpButton.swift */; };
		02F0263B261C95A900655E54 /* passwordResetView.swift in Sources */ = {isa = PBXBuildFile; fileRef = 02F0263A261C95A900655E54 /* passwordResetView.swift */; };
		02F02640261C95E400655E54 /* signUpView.swift in Sources */ = {isa = PBXBuildFile; fileRef = 02F0263F261C95E400655E54 /* signUpView.swift */; };
		02F02648261C976C00655E54 /* signUpButton.swift in Sources */ = {isa = PBXBuildFile; fileRef = 02F02647261C976C00655E54 /* signUpButton.swift */; };
		02F02650261C97A400655E54 /* termsLinkView.swift in Sources */ = {isa = PBXBuildFile; fileRef = 02F0264F261C97A400655E54 /* termsLinkView.swift */; };
		02F02673261C994800655E54 /* GoogleService-Info.plist in Resources */ = {isa = PBXBuildFile; fileRef = 02F02672261C994800655E54 /* GoogleService-Info.plist */; };
		02F02678261C99F400655E54 /* AdMobView.swift in Sources */ = {isa = PBXBuildFile; fileRef = 02F02677261C99F400655E54 /* AdMobView.swift */; };
		02F0267D261C9C9000655E54 /* loginTitleView.swift in Sources */ = {isa = PBXBuildFile; fileRef = 02F0267C261C9C9000655E54 /* loginTitleView.swift */; };
		02F02694261D2F4700655E54 /* datePickerLabel.swift in Sources */ = {isa = PBXBuildFile; fileRef = 02F02693261D2F4700655E54 /* datePickerLabel.swift */; };
		02F02699261D2FA000655E54 /* textFieldAlertView.swift in Sources */ = {isa = PBXBuildFile; fileRef = 02F02698261D2FA000655E54 /* textFieldAlertView.swift */; };
		02F026C4261D38BF00655E54 /* lineInfoAlertLabel.swift in Sources */ = {isa = PBXBuildFile; fileRef = 02F026C3261D38BF00655E54 /* lineInfoAlertLabel.swift */; };
		02F026C9261D38F900655E54 /* MainContentView.swift in Sources */ = {isa = PBXBuildFile; fileRef = 02F026C8261D38F900655E54 /* MainContentView.swift */; };
		02F026CE261D393500655E54 /* MainHeaderView.swift in Sources */ = {isa = PBXBuildFile; fileRef = 02F026CD261D393500655E54 /* MainHeaderView.swift */; };
		02F026D3261D396A00655E54 /* moveSettingsButton.swift in Sources */ = {isa = PBXBuildFile; fileRef = 02F026D2261D396A00655E54 /* moveSettingsButton.swift */; };
		02F026DD261DEC4800655E54 /* routeInfoView.swift in Sources */ = {isa = PBXBuildFile; fileRef = 02F026DC261DEC4800655E54 /* routeInfoView.swift */; };
		02F026E2261DEC7100655E54 /* stateButton.swift in Sources */ = {isa = PBXBuildFile; fileRef = 02F026E1261DEC7100655E54 /* stateButton.swift */; };
		02F026F1261DED0400655E54 /* transitInfoAlertView.swift in Sources */ = {isa = PBXBuildFile; fileRef = 02F026F0261DED0400655E54 /* transitInfoAlertView.swift */; };
		02F02703261DF41900655E54 /* textFieldPlusAlertView.swift in Sources */ = {isa = PBXBuildFile; fileRef = 02F02702261DF41900655E54 /* textFieldPlusAlertView.swift */; };
		02F02708261E7C0C00655E54 /* numberFieldAlertView.swift in Sources */ = {isa = PBXBuildFile; fileRef = 02F02707261E7C0C00655E54 /* numberFieldAlertView.swift */; };
		02F0270D261E7E8100655E54 /* numberFieldPlusAlertView.swift in Sources */ = {isa = PBXBuildFile; fileRef = 02F0270C261E7E8100655E54 /* numberFieldPlusAlertView.swift */; };
		8B2A4EC6558183E46F985561 /* Pods_mytimetablemaker_swiftui_mytimetablemaker_swiftuiUITests.framework in Frameworks */ = {isa = PBXBuildFile; fileRef = 0146BBCFF961E21ECACCBEBB /* Pods_mytimetablemaker_swiftui_mytimetablemaker_swiftuiUITests.framework */; };
		9017C56EAE73C90AF4550249 /* Pods_mytimetablemaker_swiftui.framework in Frameworks */ = {isa = PBXBuildFile; fileRef = EEB361942317B1D0EA05FAEF /* Pods_mytimetablemaker_swiftui.framework */; };
		F47416D355D75A55115E70DB /* Pods_mytimetablemaker_swiftuiTests.framework in Frameworks */ = {isa = PBXBuildFile; fileRef = 07B466FE170FBC6C4B45D237 /* Pods_mytimetablemaker_swiftuiTests.framework */; };
/* End PBXBuildFile section */

/* Begin PBXContainerItemProxy section */
		02F0258F261BDD7F00655E54 /* PBXContainerItemProxy */ = {
			isa = PBXContainerItemProxy;
			containerPortal = 02F02570261BDD7E00655E54 /* Project object */;
			proxyType = 1;
			remoteGlobalIDString = 02F02577261BDD7E00655E54;
			remoteInfo = mytimetablemaker_swiftui;
		};
		02F0259A261BDD7F00655E54 /* PBXContainerItemProxy */ = {
			isa = PBXContainerItemProxy;
			containerPortal = 02F02570261BDD7E00655E54 /* Project object */;
			proxyType = 1;
			remoteGlobalIDString = 02F02577261BDD7E00655E54;
			remoteInfo = mytimetablemaker_swiftui;
		};
/* End PBXContainerItemProxy section */

/* Begin PBXFileReference section */
		0146BBCFF961E21ECACCBEBB /* Pods_mytimetablemaker_swiftui_mytimetablemaker_swiftuiUITests.framework */ = {isa = PBXFileReference; explicitFileType = wrapper.framework; includeInIndex = 0; path = Pods_mytimetablemaker_swiftui_mytimetablemaker_swiftuiUITests.framework; sourceTree = BUILT_PRODUCTS_DIR; };
		0212A533263C35C600627363 /* settingsStations.swift */ = {isa = PBXFileReference; lastKnownFileType = sourcecode.swift; path = settingsStations.swift; sourceTree = "<group>"; };
		0212A535263D897200627363 /* stationAndTime.swift */ = {isa = PBXFileReference; lastKnownFileType = sourcecode.swift; path = stationAndTime.swift; sourceTree = "<group>"; };
		022E532F2630EAB6007921D9 /* variousSettingsBackButton.swift */ = {isa = PBXFileReference; lastKnownFileType = sourcecode.swift; path = variousSettingsBackButton.swift; sourceTree = "<group>"; };
		022E53432633B3C0007921D9 /* ja */ = {isa = PBXFileReference; lastKnownFileType = text.plist.strings; name = ja; path = ja.lproj/InfoPlist.strings; sourceTree = "<group>"; };
		022E53512633EEE2007921D9 /* mytimetablemaker_swiftuiRelease.entitlements */ = {isa = PBXFileReference; lastKnownFileType = text.plist.entitlements; path = mytimetablemaker_swiftuiRelease.entitlements; sourceTree = "<group>"; };
		0257E431263E1B3D00D45CFB /* Color.swift */ = {isa = PBXFileReference; lastKnownFileType = sourcecode.swift; path = Color.swift; sourceTree = "<group>"; };
		0257E434263E1BF500D45CFB /* Common.swift */ = {isa = PBXFileReference; lastKnownFileType = sourcecode.swift; path = Common.swift; sourceTree = "<group>"; };
		02C15510262BC9170037EEC0 /* ContentView.swift */ = {isa = PBXFileReference; lastKnownFileType = sourcecode.swift; path = ContentView.swift; sourceTree = "<group>"; };
		02C15518262BCFBB0037EEC0 /* passwordResetAlertView.swift */ = {isa = PBXFileReference; lastKnownFileType = sourcecode.swift; path = passwordResetAlertView.swift; sourceTree = "<group>"; };
		02E7F69F261F35D700C00545 /* ja */ = {isa = PBXFileReference; lastKnownFileType = text.plist.strings; name = ja; path = ja.lproj/Localizable.strings; sourceTree = "<group>"; };
		02E7F6A4261F35DE00C00545 /* en */ = {isa = PBXFileReference; lastKnownFileType = text.plist.strings; name = en; path = en.lproj/Localizable.strings; sourceTree = "<group>"; };
		02E7F6AB261FD4D600C00545 /* SettingsContentView.swift */ = {isa = PBXFileReference; lastKnownFileType = sourcecode.swift; path = SettingsContentView.swift; sourceTree = "<group>"; };
		02E7F6B0261FD4F400C00545 /* SettingsViewModel.swift */ = {isa = PBXFileReference; lastKnownFileType = sourcecode.swift; path = SettingsViewModel.swift; sourceTree = "<group>"; };
		02E7F6B5261FD52000C00545 /* settingsLinkView.swift */ = {isa = PBXFileReference; lastKnownFileType = sourcecode.swift; path = settingsLinkView.swift; sourceTree = "<group>"; };
		02E7F6C2261FD58900C00545 /* settingsVersion.swift */ = {isa = PBXFileReference; lastKnownFileType = sourcecode.swift; path = settingsVersion.swift; sourceTree = "<group>"; };
		02E7F6CC261FD5E800C00545 /* settingsSwitchRoute2.swift */ = {isa = PBXFileReference; lastKnownFileType = sourcecode.swift; path = settingsSwitchRoute2.swift; sourceTree = "<group>"; };
		02E7F6D1261FD61400C00545 /* settingsChangeLine.swift */ = {isa = PBXFileReference; lastKnownFileType = sourcecode.swift; path = settingsChangeLine.swift; sourceTree = "<group>"; };
		02E7F6D6261FD63A00C00545 /* settingsBackButton.swift */ = {isa = PBXFileReference; lastKnownFileType = sourcecode.swift; path = settingsBackButton.swift; sourceTree = "<group>"; };
		02E7F6E0261FD6DA00C00545 /* deleteAccountButton.swift */ = {isa = PBXFileReference; lastKnownFileType = sourcecode.swift; path = deleteAccountButton.swift; sourceTree = "<group>"; };
		02E7F6E5261FD6F800C00545 /* logOutButton.swift */ = {isa = PBXFileReference; lastKnownFileType = sourcecode.swift; path = logOutButton.swift; sourceTree = "<group>"; };
		02E7F6ED261FD71700C00545 /* setDataButton.swift */ = {isa = PBXFileReference; lastKnownFileType = sourcecode.swift; path = setDataButton.swift; sourceTree = "<group>"; };
		02E7F6F2261FD72900C00545 /* getDataButton.swift */ = {isa = PBXFileReference; lastKnownFileType = sourcecode.swift; path = getDataButton.swift; sourceTree = "<group>"; };
		02E7F6FC261FD7F200C00545 /* VariousSettingsContentView.swift */ = {isa = PBXFileReference; lastKnownFileType = sourcecode.swift; path = VariousSettingsContentView.swift; sourceTree = "<group>"; };
		02E7F713262083A000C00545 /* settingsLineName.swift */ = {isa = PBXFileReference; lastKnownFileType = sourcecode.swift; path = settingsLineName.swift; sourceTree = "<group>"; };
		02E7F7182620840700C00545 /* settingsRideTime.swift */ = {isa = PBXFileReference; lastKnownFileType = sourcecode.swift; path = settingsRideTime.swift; sourceTree = "<group>"; };
		02E7F71D2620848D00C00545 /* settingsTransitTime.swift */ = {isa = PBXFileReference; lastKnownFileType = sourcecode.swift; path = settingsTransitTime.swift; sourceTree = "<group>"; };
		02E7F722262084FA00C00545 /* settingsTransportation.swift */ = {isa = PBXFileReference; lastKnownFileType = sourcecode.swift; path = settingsTransportation.swift; sourceTree = "<group>"; };
		02E7F7272620856100C00545 /* TimetableContentView.swift */ = {isa = PBXFileReference; lastKnownFileType = sourcecode.swift; path = TimetableContentView.swift; sourceTree = "<group>"; };
		02E7F72C2620858600C00545 /* TimetableTitleView.swift */ = {isa = PBXFileReference; lastKnownFileType = sourcecode.swift; path = TimetableTitleView.swift; sourceTree = "<group>"; };
		02E7F731262085A800C00545 /* TimetableGridView.swift */ = {isa = PBXFileReference; lastKnownFileType = sourcecode.swift; path = TimetableGridView.swift; sourceTree = "<group>"; };
		02E7F7452620874E00C00545 /* imagePickerView.swift */ = {isa = PBXFileReference; lastKnownFileType = sourcecode.swift; path = imagePickerView.swift; sourceTree = "<group>"; };
		02E7F74A2620877700C00545 /* imagePicker.swift */ = {isa = PBXFileReference; lastKnownFileType = sourcecode.swift; path = imagePicker.swift; sourceTree = "<group>"; };
		02E7F75426208B4E00C00545 /* timeFieldAlertView.swift */ = {isa = PBXFileReference; lastKnownFileType = sourcecode.swift; path = timeFieldAlertView.swift; sourceTree = "<group>"; };
		02F02578261BDD7E00655E54 /* mytimetablemaker_swiftui.app */ = {isa = PBXFileReference; explicitFileType = wrapper.application; includeInIndex = 0; path = mytimetablemaker_swiftui.app; sourceTree = BUILT_PRODUCTS_DIR; };
		02F0257B261BDD7E00655E54 /* mytimetablemaker_swiftuiApp.swift */ = {isa = PBXFileReference; lastKnownFileType = sourcecode.swift; path = mytimetablemaker_swiftuiApp.swift; sourceTree = "<group>"; };
		02F0257F261BDD7F00655E54 /* Assets.xcassets */ = {isa = PBXFileReference; lastKnownFileType = folder.assetcatalog; path = Assets.xcassets; sourceTree = "<group>"; };
		02F02582261BDD7F00655E54 /* Preview Assets.xcassets */ = {isa = PBXFileReference; lastKnownFileType = folder.assetcatalog; path = "Preview Assets.xcassets"; sourceTree = "<group>"; };
		02F02587261BDD7F00655E54 /* mytimetablemaker_swiftui.xcdatamodel */ = {isa = PBXFileReference; lastKnownFileType = wrapper.xcdatamodel; path = mytimetablemaker_swiftui.xcdatamodel; sourceTree = "<group>"; };
		02F02589261BDD7F00655E54 /* Info.plist */ = {isa = PBXFileReference; lastKnownFileType = text.plist.xml; path = Info.plist; sourceTree = "<group>"; };
		02F0258E261BDD7F00655E54 /* mytimetablemaker_swiftuiTests.xctest */ = {isa = PBXFileReference; explicitFileType = wrapper.cfbundle; includeInIndex = 0; path = mytimetablemaker_swiftuiTests.xctest; sourceTree = BUILT_PRODUCTS_DIR; };
		02F02592261BDD7F00655E54 /* mytimetablemaker_swiftuiTests.swift */ = {isa = PBXFileReference; lastKnownFileType = sourcecode.swift; path = mytimetablemaker_swiftuiTests.swift; sourceTree = "<group>"; };
		02F02594261BDD7F00655E54 /* Info.plist */ = {isa = PBXFileReference; lastKnownFileType = text.plist.xml; path = Info.plist; sourceTree = "<group>"; };
		02F02599261BDD7F00655E54 /* mytimetablemaker_swiftuiUITests.xctest */ = {isa = PBXFileReference; explicitFileType = wrapper.cfbundle; includeInIndex = 0; path = mytimetablemaker_swiftuiUITests.xctest; sourceTree = BUILT_PRODUCTS_DIR; };
		02F0259D261BDD7F00655E54 /* mytimetablemaker_swiftuiUITests.swift */ = {isa = PBXFileReference; lastKnownFileType = sourcecode.swift; path = mytimetablemaker_swiftuiUITests.swift; sourceTree = "<group>"; };
		02F0259F261BDD7F00655E54 /* Info.plist */ = {isa = PBXFileReference; lastKnownFileType = text.plist.xml; path = Info.plist; sourceTree = "<group>"; };
		02F025B7261BDE7900655E54 /* CalcTime.swift */ = {isa = PBXFileReference; lastKnownFileType = sourcecode.swift; path = CalcTime.swift; sourceTree = "<group>"; };
		02F025BC261BDEA000655E54 /* DateAndTime.swift */ = {isa = PBXFileReference; lastKnownFileType = sourcecode.swift; path = DateAndTime.swift; sourceTree = "<group>"; };
		02F025C4261BDED100655E54 /* EnumSetting.swift */ = {isa = PBXFileReference; lastKnownFileType = sourcecode.swift; path = EnumSetting.swift; sourceTree = "<group>"; };
		02F025C9261BDF0600655E54 /* LineData.swift */ = {isa = PBXFileReference; lastKnownFileType = sourcecode.swift; path = LineData.swift; sourceTree = "<group>"; };
		02F025CE261BDF2D00655E54 /* Timetable.swift */ = {isa = PBXFileReference; lastKnownFileType = sourcecode.swift; path = Timetable.swift; sourceTree = "<group>"; };
		02F025D6261BE0D500655E54 /* NavigationBarModifier.swift */ = {isa = PBXFileReference; lastKnownFileType = sourcecode.swift; path = NavigationBarModifier.swift; sourceTree = "<group>"; };
		02F025E6261BE54700655E54 /* LoginViewModel.swift */ = {isa = PBXFileReference; lastKnownFileType = sourcecode.swift; path = LoginViewModel.swift; sourceTree = "<group>"; };
		02F025EC261BE5A500655E54 /* MainViewModel.swift */ = {isa = PBXFileReference; lastKnownFileType = sourcecode.swift; path = MainViewModel.swift; sourceTree = "<group>"; };
		02F025F1261BE77D00655E54 /* LoginBackgroundView.swift */ = {isa = PBXFileReference; lastKnownFileType = sourcecode.swift; path = LoginBackgroundView.swift; sourceTree = "<group>"; };
		02F02615261C92C300655E54 /* emailPlusTextField.swift */ = {isa = PBXFileReference; lastKnownFileType = sourcecode.swift; path = emailPlusTextField.swift; sourceTree = "<group>"; };
		02F0261D261C930A00655E54 /* emailTextField.swift */ = {isa = PBXFileReference; lastKnownFileType = sourcecode.swift; path = emailTextField.swift; sourceTree = "<group>"; };
		02F02622261C935A00655E54 /* FirestoreViewModel.swift */ = {isa = PBXFileReference; lastKnownFileType = sourcecode.swift; path = FirestoreViewModel.swift; sourceTree = "<group>"; };
		02F02627261C939F00655E54 /* loginButton.swift */ = {isa = PBXFileReference; lastKnownFileType = sourcecode.swift; path = loginButton.swift; sourceTree = "<group>"; };
		02F0262C261C94E600655E54 /* LoginContentView.swift */ = {isa = PBXFileReference; lastKnownFileType = sourcecode.swift; path = LoginContentView.swift; sourceTree = "<group>"; };
		02F02631261C952500655E54 /* moveSignUpButton.swift */ = {isa = PBXFileReference; lastKnownFileType = sourcecode.swift; path = moveSignUpButton.swift; sourceTree = "<group>"; };
		02F0263A261C95A900655E54 /* passwordResetView.swift */ = {isa = PBXFileReference; lastKnownFileType = sourcecode.swift; path = passwordResetView.swift; sourceTree = "<group>"; };
		02F0263F261C95E400655E54 /* signUpView.swift */ = {isa = PBXFileReference; lastKnownFileType = sourcecode.swift; path = signUpView.swift; sourceTree = "<group>"; };
		02F02647261C976C00655E54 /* signUpButton.swift */ = {isa = PBXFileReference; lastKnownFileType = sourcecode.swift; path = signUpButton.swift; sourceTree = "<group>"; };
		02F0264F261C97A400655E54 /* termsLinkView.swift */ = {isa = PBXFileReference; lastKnownFileType = sourcecode.swift; path = termsLinkView.swift; sourceTree = "<group>"; };
		02F02672261C994800655E54 /* GoogleService-Info.plist */ = {isa = PBXFileReference; fileEncoding = 4; lastKnownFileType = text.plist.xml; path = "GoogleService-Info.plist"; sourceTree = "<group>"; };
		02F02677261C99F400655E54 /* AdMobView.swift */ = {isa = PBXFileReference; lastKnownFileType = sourcecode.swift; path = AdMobView.swift; sourceTree = "<group>"; };
		02F0267C261C9C9000655E54 /* loginTitleView.swift */ = {isa = PBXFileReference; lastKnownFileType = sourcecode.swift; path = loginTitleView.swift; sourceTree = "<group>"; };
		02F02693261D2F4700655E54 /* datePickerLabel.swift */ = {isa = PBXFileReference; lastKnownFileType = sourcecode.swift; path = datePickerLabel.swift; sourceTree = "<group>"; };
		02F02698261D2FA000655E54 /* textFieldAlertView.swift */ = {isa = PBXFileReference; lastKnownFileType = sourcecode.swift; path = textFieldAlertView.swift; sourceTree = "<group>"; };
		02F026C3261D38BF00655E54 /* lineInfoAlertLabel.swift */ = {isa = PBXFileReference; lastKnownFileType = sourcecode.swift; path = lineInfoAlertLabel.swift; sourceTree = "<group>"; };
		02F026C8261D38F900655E54 /* MainContentView.swift */ = {isa = PBXFileReference; lastKnownFileType = sourcecode.swift; path = MainContentView.swift; sourceTree = "<group>"; };
		02F026CD261D393500655E54 /* MainHeaderView.swift */ = {isa = PBXFileReference; lastKnownFileType = sourcecode.swift; path = MainHeaderView.swift; sourceTree = "<group>"; };
		02F026D2261D396A00655E54 /* moveSettingsButton.swift */ = {isa = PBXFileReference; lastKnownFileType = sourcecode.swift; path = moveSettingsButton.swift; sourceTree = "<group>"; };
		02F026DC261DEC4800655E54 /* routeInfoView.swift */ = {isa = PBXFileReference; lastKnownFileType = sourcecode.swift; path = routeInfoView.swift; sourceTree = "<group>"; };
		02F026E1261DEC7100655E54 /* stateButton.swift */ = {isa = PBXFileReference; lastKnownFileType = sourcecode.swift; path = stateButton.swift; sourceTree = "<group>"; };
		02F026F0261DED0400655E54 /* transitInfoAlertView.swift */ = {isa = PBXFileReference; lastKnownFileType = sourcecode.swift; path = transitInfoAlertView.swift; sourceTree = "<group>"; };
		02F02702261DF41900655E54 /* textFieldPlusAlertView.swift */ = {isa = PBXFileReference; lastKnownFileType = sourcecode.swift; path = textFieldPlusAlertView.swift; sourceTree = "<group>"; };
		02F02707261E7C0C00655E54 /* numberFieldAlertView.swift */ = {isa = PBXFileReference; lastKnownFileType = sourcecode.swift; path = numberFieldAlertView.swift; sourceTree = "<group>"; };
		02F0270C261E7E8100655E54 /* numberFieldPlusAlertView.swift */ = {isa = PBXFileReference; lastKnownFileType = sourcecode.swift; path = numberFieldPlusAlertView.swift; sourceTree = "<group>"; };
		07B466FE170FBC6C4B45D237 /* Pods_mytimetablemaker_swiftuiTests.framework */ = {isa = PBXFileReference; explicitFileType = wrapper.framework; includeInIndex = 0; path = Pods_mytimetablemaker_swiftuiTests.framework; sourceTree = BUILT_PRODUCTS_DIR; };
		20DE2FA1CCFA9FB19B020B60 /* Pods-mytimetablemaker_swiftuiTests.debug.xcconfig */ = {isa = PBXFileReference; includeInIndex = 1; lastKnownFileType = text.xcconfig; name = "Pods-mytimetablemaker_swiftuiTests.debug.xcconfig"; path = "Target Support Files/Pods-mytimetablemaker_swiftuiTests/Pods-mytimetablemaker_swiftuiTests.debug.xcconfig"; sourceTree = "<group>"; };
		3065381D4BC994B2C5F659E6 /* Pods-mytimetablemaker_swiftui.debug.xcconfig */ = {isa = PBXFileReference; includeInIndex = 1; lastKnownFileType = text.xcconfig; name = "Pods-mytimetablemaker_swiftui.debug.xcconfig"; path = "Target Support Files/Pods-mytimetablemaker_swiftui/Pods-mytimetablemaker_swiftui.debug.xcconfig"; sourceTree = "<group>"; };
		40407DB5CA70BCB3EDCF1044 /* Pods-mytimetablemaker_swiftui-mytimetablemaker_swiftuiUITests.release.xcconfig */ = {isa = PBXFileReference; includeInIndex = 1; lastKnownFileType = text.xcconfig; name = "Pods-mytimetablemaker_swiftui-mytimetablemaker_swiftuiUITests.release.xcconfig"; path = "Target Support Files/Pods-mytimetablemaker_swiftui-mytimetablemaker_swiftuiUITests/Pods-mytimetablemaker_swiftui-mytimetablemaker_swiftuiUITests.release.xcconfig"; sourceTree = "<group>"; };
		732CF3C7F5E63781D8A37B02 /* Pods-mytimetablemaker_swiftuiTests.release.xcconfig */ = {isa = PBXFileReference; includeInIndex = 1; lastKnownFileType = text.xcconfig; name = "Pods-mytimetablemaker_swiftuiTests.release.xcconfig"; path = "Target Support Files/Pods-mytimetablemaker_swiftuiTests/Pods-mytimetablemaker_swiftuiTests.release.xcconfig"; sourceTree = "<group>"; };
		7D11E2EE441F17C4FBFBB148 /* Pods-mytimetablemaker_swiftui-mytimetablemaker_swiftuiUITests.debug.xcconfig */ = {isa = PBXFileReference; includeInIndex = 1; lastKnownFileType = text.xcconfig; name = "Pods-mytimetablemaker_swiftui-mytimetablemaker_swiftuiUITests.debug.xcconfig"; path = "Target Support Files/Pods-mytimetablemaker_swiftui-mytimetablemaker_swiftuiUITests/Pods-mytimetablemaker_swiftui-mytimetablemaker_swiftuiUITests.debug.xcconfig"; sourceTree = "<group>"; };
		C1ACE500666BBC902619CB87 /* Pods-mytimetablemaker_swiftui.release.xcconfig */ = {isa = PBXFileReference; includeInIndex = 1; lastKnownFileType = text.xcconfig; name = "Pods-mytimetablemaker_swiftui.release.xcconfig"; path = "Target Support Files/Pods-mytimetablemaker_swiftui/Pods-mytimetablemaker_swiftui.release.xcconfig"; sourceTree = "<group>"; };
		EEB361942317B1D0EA05FAEF /* Pods_mytimetablemaker_swiftui.framework */ = {isa = PBXFileReference; explicitFileType = wrapper.framework; includeInIndex = 0; path = Pods_mytimetablemaker_swiftui.framework; sourceTree = BUILT_PRODUCTS_DIR; };
/* End PBXFileReference section */

/* Begin PBXFrameworksBuildPhase section */
		02F02575261BDD7E00655E54 /* Frameworks */ = {
			isa = PBXFrameworksBuildPhase;
			buildActionMask = 2147483647;
			files = (
				9017C56EAE73C90AF4550249 /* Pods_mytimetablemaker_swiftui.framework in Frameworks */,
			);
			runOnlyForDeploymentPostprocessing = 0;
		};
		02F0258B261BDD7F00655E54 /* Frameworks */ = {
			isa = PBXFrameworksBuildPhase;
			buildActionMask = 2147483647;
			files = (
				F47416D355D75A55115E70DB /* Pods_mytimetablemaker_swiftuiTests.framework in Frameworks */,
			);
			runOnlyForDeploymentPostprocessing = 0;
		};
		02F02596261BDD7F00655E54 /* Frameworks */ = {
			isa = PBXFrameworksBuildPhase;
			buildActionMask = 2147483647;
			files = (
				8B2A4EC6558183E46F985561 /* Pods_mytimetablemaker_swiftui_mytimetablemaker_swiftuiUITests.framework in Frameworks */,
			);
			runOnlyForDeploymentPostprocessing = 0;
		};
/* End PBXFrameworksBuildPhase section */

/* Begin PBXGroup section */
		0212A537263E0FF000627363 /* SignUpView */ = {
			isa = PBXGroup;
			children = (
				02F0263F261C95E400655E54 /* signUpView.swift */,
				02F02615261C92C300655E54 /* emailPlusTextField.swift */,
				02F02647261C976C00655E54 /* signUpButton.swift */,
				02F0264F261C97A400655E54 /* termsLinkView.swift */,
			);
			path = SignUpView;
			sourceTree = "<group>";
		};
		0212A538263E127900627363 /* AlertView */ = {
			isa = PBXGroup;
			children = (
				02F02698261D2FA000655E54 /* textFieldAlertView.swift */,
				02F02702261DF41900655E54 /* textFieldPlusAlertView.swift */,
				02F02707261E7C0C00655E54 /* numberFieldAlertView.swift */,
				02F0270C261E7E8100655E54 /* numberFieldPlusAlertView.swift */,
				02E7F75426208B4E00C00545 /* timeFieldAlertView.swift */,
				02E7F74A2620877700C00545 /* imagePicker.swift */,
			);
			path = AlertView;
			sourceTree = "<group>";
		};
		0212A539263E12AF00627363 /* CommonView */ = {
			isa = PBXGroup;
			children = (
				02C15510262BC9170037EEC0 /* ContentView.swift */,
				02F02677261C99F400655E54 /* AdMobView.swift */,
				02F025D6261BE0D500655E54 /* NavigationBarModifier.swift */,
			);
			path = CommonView;
			sourceTree = "<group>";
		};
		02F0256F261BDD7E00655E54 = {
			isa = PBXGroup;
			children = (
				02F0257A261BDD7E00655E54 /* mytimetablemaker_swiftui */,
				02F02591261BDD7F00655E54 /* mytimetablemaker_swiftuiTests */,
				02F0259C261BDD7F00655E54 /* mytimetablemaker_swiftuiUITests */,
				02F02579261BDD7E00655E54 /* Products */,
				B68575ACBBA142C44F1A9456 /* Pods */,
				69EE982EB6E6DCF0FA018442 /* Frameworks */,
			);
			sourceTree = "<group>";
		};
		02F02579261BDD7E00655E54 /* Products */ = {
			isa = PBXGroup;
			children = (
				02F02578261BDD7E00655E54 /* mytimetablemaker_swiftui.app */,
				02F0258E261BDD7F00655E54 /* mytimetablemaker_swiftuiTests.xctest */,
				02F02599261BDD7F00655E54 /* mytimetablemaker_swiftuiUITests.xctest */,
			);
			name = Products;
			sourceTree = "<group>";
		};
		02F0257A261BDD7E00655E54 /* mytimetablemaker_swiftui */ = {
			isa = PBXGroup;
			children = (
				022E53512633EEE2007921D9 /* mytimetablemaker_swiftuiRelease.entitlements */,
				02F0257B261BDD7E00655E54 /* mytimetablemaker_swiftuiApp.swift */,
				02F02586261BDD7F00655E54 /* mytimetablemaker_swiftui.xcdatamodeld */,
				02F02589261BDD7F00655E54 /* Info.plist */,
				02F02672261C994800655E54 /* GoogleService-Info.plist */,
				022E53442633B3C0007921D9 /* InfoPlist.strings */,
				0212A539263E12AF00627363 /* CommonView */,
				02F025B2261BDDE100655E54 /* Common */,
				0212A538263E127900627363 /* AlertView */,
				02F025AE261BDDA400655E54 /* LoginView */,
				0212A537263E0FF000627363 /* SignUpView */,
				02F025AF261BDDB700655E54 /* MainView */,
				02F025B0261BDDC600655E54 /* SettingsView */,
				02F025B1261BDDD200655E54 /* VariousSettingsView */,
				02F025B6261BDE3100655E54 /* TimetableView */,
				02F02581261BDD7F00655E54 /* Preview Content */,
			);
			path = mytimetablemaker_swiftui;
			sourceTree = "<group>";
		};
		02F02581261BDD7F00655E54 /* Preview Content */ = {
			isa = PBXGroup;
			children = (
				02F02582261BDD7F00655E54 /* Preview Assets.xcassets */,
			);
			path = "Preview Content";
			sourceTree = "<group>";
		};
		02F02591261BDD7F00655E54 /* mytimetablemaker_swiftuiTests */ = {
			isa = PBXGroup;
			children = (
				02F02592261BDD7F00655E54 /* mytimetablemaker_swiftuiTests.swift */,
				02F02594261BDD7F00655E54 /* Info.plist */,
			);
			path = mytimetablemaker_swiftuiTests;
			sourceTree = "<group>";
		};
		02F0259C261BDD7F00655E54 /* mytimetablemaker_swiftuiUITests */ = {
			isa = PBXGroup;
			children = (
				02F0259D261BDD7F00655E54 /* mytimetablemaker_swiftuiUITests.swift */,
				02F0259F261BDD7F00655E54 /* Info.plist */,
			);
			path = mytimetablemaker_swiftuiUITests;
			sourceTree = "<group>";
		};
		02F025AE261BDDA400655E54 /* LoginView */ = {
			isa = PBXGroup;
			children = (
				02F0262C261C94E600655E54 /* LoginContentView.swift */,
				02F025E6261BE54700655E54 /* LoginViewModel.swift */,
				02F025F1261BE77D00655E54 /* LoginBackgroundView.swift */,
				02F0267C261C9C9000655E54 /* loginTitleView.swift */,
				02F02627261C939F00655E54 /* loginButton.swift */,
				02F02631261C952500655E54 /* moveSignUpButton.swift */,
				02F0261D261C930A00655E54 /* emailTextField.swift */,
				02F0263A261C95A900655E54 /* passwordResetView.swift */,
				02C15518262BCFBB0037EEC0 /* passwordResetAlertView.swift */,
			);
			path = LoginView;
			sourceTree = "<group>";
		};
		02F025AF261BDDB700655E54 /* MainView */ = {
			isa = PBXGroup;
			children = (
				02F026C8261D38F900655E54 /* MainContentView.swift */,
				02F025EC261BE5A500655E54 /* MainViewModel.swift */,
				02F026CD261D393500655E54 /* MainHeaderView.swift */,
				02F02693261D2F4700655E54 /* datePickerLabel.swift */,
				02F026D2261D396A00655E54 /* moveSettingsButton.swift */,
				02F026E1261DEC7100655E54 /* stateButton.swift */,
				02F026DC261DEC4800655E54 /* routeInfoView.swift */,
				0212A535263D897200627363 /* stationAndTime.swift */,
				02F026C3261D38BF00655E54 /* lineInfoAlertLabel.swift */,
				02F026F0261DED0400655E54 /* transitInfoAlertView.swift */,
			);
			path = MainView;
			sourceTree = "<group>";
		};
		02F025B0261BDDC600655E54 /* SettingsView */ = {
			isa = PBXGroup;
			children = (
				02E7F6AB261FD4D600C00545 /* SettingsContentView.swift */,
				02F02622261C935A00655E54 /* FirestoreViewModel.swift */,
				02E7F6B0261FD4F400C00545 /* SettingsViewModel.swift */,
				02E7F6D6261FD63A00C00545 /* settingsBackButton.swift */,
				02E7F6CC261FD5E800C00545 /* settingsSwitchRoute2.swift */,
				02E7F6D1261FD61400C00545 /* settingsChangeLine.swift */,
				02E7F6B5261FD52000C00545 /* settingsLinkView.swift */,
				02E7F6C2261FD58900C00545 /* settingsVersion.swift */,
				02E7F6E0261FD6DA00C00545 /* deleteAccountButton.swift */,
				02E7F6E5261FD6F800C00545 /* logOutButton.swift */,
				02E7F6ED261FD71700C00545 /* setDataButton.swift */,
				02E7F6F2261FD72900C00545 /* getDataButton.swift */,
			);
			path = SettingsView;
			sourceTree = "<group>";
		};
		02F025B1261BDDD200655E54 /* VariousSettingsView */ = {
			isa = PBXGroup;
			children = (
				02E7F6FC261FD7F200C00545 /* VariousSettingsContentView.swift */,
				022E532F2630EAB6007921D9 /* variousSettingsBackButton.swift */,
				0212A533263C35C600627363 /* settingsStations.swift */,
				02E7F713262083A000C00545 /* settingsLineName.swift */,
				02E7F7182620840700C00545 /* settingsRideTime.swift */,
				02E7F722262084FA00C00545 /* settingsTransportation.swift */,
				02E7F71D2620848D00C00545 /* settingsTransitTime.swift */,
			);
			path = VariousSettingsView;
			sourceTree = "<group>";
		};
		02F025B2261BDDE100655E54 /* Common */ = {
			isa = PBXGroup;
			children = (
				02F0257F261BDD7F00655E54 /* Assets.xcassets */,
				02E7F6A0261F35D700C00545 /* Localizable.strings */,
				02F025B7261BDE7900655E54 /* CalcTime.swift */,
				02F025C9261BDF0600655E54 /* LineData.swift */,
				0257E431263E1B3D00D45CFB /* Color.swift */,
				0257E434263E1BF500D45CFB /* Common.swift */,
				02F025BC261BDEA000655E54 /* DateAndTime.swift */,
				02F025C4261BDED100655E54 /* EnumSetting.swift */,
				02F025CE261BDF2D00655E54 /* Timetable.swift */,
			);
			path = Common;
			sourceTree = "<group>";
		};
		02F025B6261BDE3100655E54 /* TimetableView */ = {
			isa = PBXGroup;
			children = (
				02E7F7272620856100C00545 /* TimetableContentView.swift */,
				02E7F72C2620858600C00545 /* TimetableTitleView.swift */,
				02E7F731262085A800C00545 /* TimetableGridView.swift */,
				02E7F7452620874E00C00545 /* imagePickerView.swift */,
			);
			path = TimetableView;
			sourceTree = "<group>";
		};
		69EE982EB6E6DCF0FA018442 /* Frameworks */ = {
			isa = PBXGroup;
			children = (
				EEB361942317B1D0EA05FAEF /* Pods_mytimetablemaker_swiftui.framework */,
				0146BBCFF961E21ECACCBEBB /* Pods_mytimetablemaker_swiftui_mytimetablemaker_swiftuiUITests.framework */,
				07B466FE170FBC6C4B45D237 /* Pods_mytimetablemaker_swiftuiTests.framework */,
			);
			name = Frameworks;
			sourceTree = "<group>";
		};
		B68575ACBBA142C44F1A9456 /* Pods */ = {
			isa = PBXGroup;
			children = (
				3065381D4BC994B2C5F659E6 /* Pods-mytimetablemaker_swiftui.debug.xcconfig */,
				C1ACE500666BBC902619CB87 /* Pods-mytimetablemaker_swiftui.release.xcconfig */,
				7D11E2EE441F17C4FBFBB148 /* Pods-mytimetablemaker_swiftui-mytimetablemaker_swiftuiUITests.debug.xcconfig */,
				40407DB5CA70BCB3EDCF1044 /* Pods-mytimetablemaker_swiftui-mytimetablemaker_swiftuiUITests.release.xcconfig */,
				20DE2FA1CCFA9FB19B020B60 /* Pods-mytimetablemaker_swiftuiTests.debug.xcconfig */,
				732CF3C7F5E63781D8A37B02 /* Pods-mytimetablemaker_swiftuiTests.release.xcconfig */,
			);
			path = Pods;
			sourceTree = "<group>";
		};
/* End PBXGroup section */

/* Begin PBXNativeTarget section */
		02F02577261BDD7E00655E54 /* mytimetablemaker_swiftui */ = {
			isa = PBXNativeTarget;
			buildConfigurationList = 02F025A2261BDD7F00655E54 /* Build configuration list for PBXNativeTarget "mytimetablemaker_swiftui" */;
			buildPhases = (
				CCE64982E1AB757F160F3588 /* [CP] Check Pods Manifest.lock */,
				02F02574261BDD7E00655E54 /* Sources */,
				02F02575261BDD7E00655E54 /* Frameworks */,
				02F02576261BDD7E00655E54 /* Resources */,
				84CCE54DC03FEF34D851FDE5 /* [CP] Embed Pods Frameworks */,
				764E0D11834510B852DABA00 /* [CP] Copy Pods Resources */,
			);
			buildRules = (
			);
			dependencies = (
			);
			name = mytimetablemaker_swiftui;
			productName = mytimetablemaker_swiftui;
			productReference = 02F02578261BDD7E00655E54 /* mytimetablemaker_swiftui.app */;
			productType = "com.apple.product-type.application";
		};
		02F0258D261BDD7F00655E54 /* mytimetablemaker_swiftuiTests */ = {
			isa = PBXNativeTarget;
			buildConfigurationList = 02F025A5261BDD7F00655E54 /* Build configuration list for PBXNativeTarget "mytimetablemaker_swiftuiTests" */;
			buildPhases = (
				7FCB9AF24F0DEEC854F3EF24 /* [CP] Check Pods Manifest.lock */,
				02F0258A261BDD7F00655E54 /* Sources */,
				02F0258B261BDD7F00655E54 /* Frameworks */,
				02F0258C261BDD7F00655E54 /* Resources */,
			);
			buildRules = (
			);
			dependencies = (
				02F02590261BDD7F00655E54 /* PBXTargetDependency */,
			);
			name = mytimetablemaker_swiftuiTests;
			productName = mytimetablemaker_swiftuiTests;
			productReference = 02F0258E261BDD7F00655E54 /* mytimetablemaker_swiftuiTests.xctest */;
			productType = "com.apple.product-type.bundle.unit-test";
		};
		02F02598261BDD7F00655E54 /* mytimetablemaker_swiftuiUITests */ = {
			isa = PBXNativeTarget;
			buildConfigurationList = 02F025A8261BDD7F00655E54 /* Build configuration list for PBXNativeTarget "mytimetablemaker_swiftuiUITests" */;
			buildPhases = (
				E922B7A177FFE8522C8A9684 /* [CP] Check Pods Manifest.lock */,
				02F02595261BDD7F00655E54 /* Sources */,
				02F02596261BDD7F00655E54 /* Frameworks */,
				02F02597261BDD7F00655E54 /* Resources */,
				6197F313F196380BE7724FB5 /* [CP] Embed Pods Frameworks */,
				59CE91CBC0939ED1EF4D4FBA /* [CP] Copy Pods Resources */,
			);
			buildRules = (
			);
			dependencies = (
				02F0259B261BDD7F00655E54 /* PBXTargetDependency */,
			);
			name = mytimetablemaker_swiftuiUITests;
			productName = mytimetablemaker_swiftuiUITests;
			productReference = 02F02599261BDD7F00655E54 /* mytimetablemaker_swiftuiUITests.xctest */;
			productType = "com.apple.product-type.bundle.ui-testing";
		};
/* End PBXNativeTarget section */

/* Begin PBXProject section */
		02F02570261BDD7E00655E54 /* Project object */ = {
			isa = PBXProject;
			attributes = {
				LastSwiftUpdateCheck = 1240;
				LastUpgradeCheck = 1250;
				TargetAttributes = {
					02F02577261BDD7E00655E54 = {
						CreatedOnToolsVersion = 12.4;
					};
					02F0258D261BDD7F00655E54 = {
						CreatedOnToolsVersion = 12.4;
						TestTargetID = 02F02577261BDD7E00655E54;
					};
					02F02598261BDD7F00655E54 = {
						CreatedOnToolsVersion = 12.4;
						TestTargetID = 02F02577261BDD7E00655E54;
					};
				};
			};
			buildConfigurationList = 02F02573261BDD7E00655E54 /* Build configuration list for PBXProject "mytimetablemaker_swiftui" */;
			compatibilityVersion = "Xcode 9.3";
			developmentRegion = en;
			hasScannedForEncodings = 0;
			knownRegions = (
				en,
				Base,
				ja,
			);
			mainGroup = 02F0256F261BDD7E00655E54;
			productRefGroup = 02F02579261BDD7E00655E54 /* Products */;
			projectDirPath = "";
			projectRoot = "";
			targets = (
				02F02577261BDD7E00655E54 /* mytimetablemaker_swiftui */,
				02F0258D261BDD7F00655E54 /* mytimetablemaker_swiftuiTests */,
				02F02598261BDD7F00655E54 /* mytimetablemaker_swiftuiUITests */,
			);
		};
/* End PBXProject section */

/* Begin PBXResourcesBuildPhase section */
		02F02576261BDD7E00655E54 /* Resources */ = {
			isa = PBXResourcesBuildPhase;
			buildActionMask = 2147483647;
			files = (
				02F02583261BDD7F00655E54 /* Preview Assets.xcassets in Resources */,
				02E7F69E261F35D700C00545 /* Localizable.strings in Resources */,
				02F02580261BDD7F00655E54 /* Assets.xcassets in Resources */,
				02F02673261C994800655E54 /* GoogleService-Info.plist in Resources */,
				022E53422633B3C0007921D9 /* InfoPlist.strings in Resources */,
			);
			runOnlyForDeploymentPostprocessing = 0;
		};
		02F0258C261BDD7F00655E54 /* Resources */ = {
			isa = PBXResourcesBuildPhase;
			buildActionMask = 2147483647;
			files = (
			);
			runOnlyForDeploymentPostprocessing = 0;
		};
		02F02597261BDD7F00655E54 /* Resources */ = {
			isa = PBXResourcesBuildPhase;
			buildActionMask = 2147483647;
			files = (
			);
			runOnlyForDeploymentPostprocessing = 0;
		};
/* End PBXResourcesBuildPhase section */

/* Begin PBXShellScriptBuildPhase section */
		59CE91CBC0939ED1EF4D4FBA /* [CP] Copy Pods Resources */ = {
			isa = PBXShellScriptBuildPhase;
			buildActionMask = 2147483647;
			files = (
			);
			inputFileListPaths = (
				"${PODS_ROOT}/Target Support Files/Pods-mytimetablemaker_swiftui-mytimetablemaker_swiftuiUITests/Pods-mytimetablemaker_swiftui-mytimetablemaker_swiftuiUITests-resources-${CONFIGURATION}-input-files.xcfilelist",
			);
			name = "[CP] Copy Pods Resources";
			outputFileListPaths = (
				"${PODS_ROOT}/Target Support Files/Pods-mytimetablemaker_swiftui-mytimetablemaker_swiftuiUITests/Pods-mytimetablemaker_swiftui-mytimetablemaker_swiftuiUITests-resources-${CONFIGURATION}-output-files.xcfilelist",
			);
			runOnlyForDeploymentPostprocessing = 0;
			shellPath = /bin/sh;
			shellScript = "\"${PODS_ROOT}/Target Support Files/Pods-mytimetablemaker_swiftui-mytimetablemaker_swiftuiUITests/Pods-mytimetablemaker_swiftui-mytimetablemaker_swiftuiUITests-resources.sh\"\n";
			showEnvVarsInLog = 0;
		};
		6197F313F196380BE7724FB5 /* [CP] Embed Pods Frameworks */ = {
			isa = PBXShellScriptBuildPhase;
			buildActionMask = 2147483647;
			files = (
			);
			inputFileListPaths = (
				"${PODS_ROOT}/Target Support Files/Pods-mytimetablemaker_swiftui-mytimetablemaker_swiftuiUITests/Pods-mytimetablemaker_swiftui-mytimetablemaker_swiftuiUITests-frameworks-${CONFIGURATION}-input-files.xcfilelist",
			);
			name = "[CP] Embed Pods Frameworks";
			outputFileListPaths = (
				"${PODS_ROOT}/Target Support Files/Pods-mytimetablemaker_swiftui-mytimetablemaker_swiftuiUITests/Pods-mytimetablemaker_swiftui-mytimetablemaker_swiftuiUITests-frameworks-${CONFIGURATION}-output-files.xcfilelist",
			);
			runOnlyForDeploymentPostprocessing = 0;
			shellPath = /bin/sh;
			shellScript = "\"${PODS_ROOT}/Target Support Files/Pods-mytimetablemaker_swiftui-mytimetablemaker_swiftuiUITests/Pods-mytimetablemaker_swiftui-mytimetablemaker_swiftuiUITests-frameworks.sh\"\n";
			showEnvVarsInLog = 0;
		};
		764E0D11834510B852DABA00 /* [CP] Copy Pods Resources */ = {
			isa = PBXShellScriptBuildPhase;
			buildActionMask = 2147483647;
			files = (
			);
			inputFileListPaths = (
				"${PODS_ROOT}/Target Support Files/Pods-mytimetablemaker_swiftui/Pods-mytimetablemaker_swiftui-resources-${CONFIGURATION}-input-files.xcfilelist",
			);
			name = "[CP] Copy Pods Resources";
			outputFileListPaths = (
				"${PODS_ROOT}/Target Support Files/Pods-mytimetablemaker_swiftui/Pods-mytimetablemaker_swiftui-resources-${CONFIGURATION}-output-files.xcfilelist",
			);
			runOnlyForDeploymentPostprocessing = 0;
			shellPath = /bin/sh;
			shellScript = "\"${PODS_ROOT}/Target Support Files/Pods-mytimetablemaker_swiftui/Pods-mytimetablemaker_swiftui-resources.sh\"\n";
			showEnvVarsInLog = 0;
		};
		7FCB9AF24F0DEEC854F3EF24 /* [CP] Check Pods Manifest.lock */ = {
			isa = PBXShellScriptBuildPhase;
			buildActionMask = 2147483647;
			files = (
			);
			inputFileListPaths = (
			);
			inputPaths = (
				"${PODS_PODFILE_DIR_PATH}/Podfile.lock",
				"${PODS_ROOT}/Manifest.lock",
			);
			name = "[CP] Check Pods Manifest.lock";
			outputFileListPaths = (
			);
			outputPaths = (
				"$(DERIVED_FILE_DIR)/Pods-mytimetablemaker_swiftuiTests-checkManifestLockResult.txt",
			);
			runOnlyForDeploymentPostprocessing = 0;
			shellPath = /bin/sh;
			shellScript = "diff \"${PODS_PODFILE_DIR_PATH}/Podfile.lock\" \"${PODS_ROOT}/Manifest.lock\" > /dev/null\nif [ $? != 0 ] ; then\n    # print error to STDERR\n    echo \"error: The sandbox is not in sync with the Podfile.lock. Run 'pod install' or update your CocoaPods installation.\" >&2\n    exit 1\nfi\n# This output is used by Xcode 'outputs' to avoid re-running this script phase.\necho \"SUCCESS\" > \"${SCRIPT_OUTPUT_FILE_0}\"\n";
			showEnvVarsInLog = 0;
		};
		84CCE54DC03FEF34D851FDE5 /* [CP] Embed Pods Frameworks */ = {
			isa = PBXShellScriptBuildPhase;
			buildActionMask = 2147483647;
			files = (
			);
			inputFileListPaths = (
				"${PODS_ROOT}/Target Support Files/Pods-mytimetablemaker_swiftui/Pods-mytimetablemaker_swiftui-frameworks-${CONFIGURATION}-input-files.xcfilelist",
			);
			name = "[CP] Embed Pods Frameworks";
			outputFileListPaths = (
				"${PODS_ROOT}/Target Support Files/Pods-mytimetablemaker_swiftui/Pods-mytimetablemaker_swiftui-frameworks-${CONFIGURATION}-output-files.xcfilelist",
			);
			runOnlyForDeploymentPostprocessing = 0;
			shellPath = /bin/sh;
			shellScript = "\"${PODS_ROOT}/Target Support Files/Pods-mytimetablemaker_swiftui/Pods-mytimetablemaker_swiftui-frameworks.sh\"\n";
			showEnvVarsInLog = 0;
		};
		CCE64982E1AB757F160F3588 /* [CP] Check Pods Manifest.lock */ = {
			isa = PBXShellScriptBuildPhase;
			buildActionMask = 2147483647;
			files = (
			);
			inputFileListPaths = (
			);
			inputPaths = (
				"${PODS_PODFILE_DIR_PATH}/Podfile.lock",
				"${PODS_ROOT}/Manifest.lock",
			);
			name = "[CP] Check Pods Manifest.lock";
			outputFileListPaths = (
			);
			outputPaths = (
				"$(DERIVED_FILE_DIR)/Pods-mytimetablemaker_swiftui-checkManifestLockResult.txt",
			);
			runOnlyForDeploymentPostprocessing = 0;
			shellPath = /bin/sh;
			shellScript = "diff \"${PODS_PODFILE_DIR_PATH}/Podfile.lock\" \"${PODS_ROOT}/Manifest.lock\" > /dev/null\nif [ $? != 0 ] ; then\n    # print error to STDERR\n    echo \"error: The sandbox is not in sync with the Podfile.lock. Run 'pod install' or update your CocoaPods installation.\" >&2\n    exit 1\nfi\n# This output is used by Xcode 'outputs' to avoid re-running this script phase.\necho \"SUCCESS\" > \"${SCRIPT_OUTPUT_FILE_0}\"\n";
			showEnvVarsInLog = 0;
		};
		E922B7A177FFE8522C8A9684 /* [CP] Check Pods Manifest.lock */ = {
			isa = PBXShellScriptBuildPhase;
			buildActionMask = 2147483647;
			files = (
			);
			inputFileListPaths = (
			);
			inputPaths = (
				"${PODS_PODFILE_DIR_PATH}/Podfile.lock",
				"${PODS_ROOT}/Manifest.lock",
			);
			name = "[CP] Check Pods Manifest.lock";
			outputFileListPaths = (
			);
			outputPaths = (
				"$(DERIVED_FILE_DIR)/Pods-mytimetablemaker_swiftui-mytimetablemaker_swiftuiUITests-checkManifestLockResult.txt",
			);
			runOnlyForDeploymentPostprocessing = 0;
			shellPath = /bin/sh;
			shellScript = "diff \"${PODS_PODFILE_DIR_PATH}/Podfile.lock\" \"${PODS_ROOT}/Manifest.lock\" > /dev/null\nif [ $? != 0 ] ; then\n    # print error to STDERR\n    echo \"error: The sandbox is not in sync with the Podfile.lock. Run 'pod install' or update your CocoaPods installation.\" >&2\n    exit 1\nfi\n# This output is used by Xcode 'outputs' to avoid re-running this script phase.\necho \"SUCCESS\" > \"${SCRIPT_OUTPUT_FILE_0}\"\n";
			showEnvVarsInLog = 0;
		};
/* End PBXShellScriptBuildPhase section */

/* Begin PBXSourcesBuildPhase section */
		02F02574261BDD7E00655E54 /* Sources */ = {
			isa = PBXSourcesBuildPhase;
			buildActionMask = 2147483647;
			files = (
				02E7F723262084FA00C00545 /* settingsTransportation.swift in Sources */,
				02F025D7261BE0D500655E54 /* NavigationBarModifier.swift in Sources */,
				02F02678261C99F400655E54 /* AdMobView.swift in Sources */,
				02E7F6AC261FD4D600C00545 /* SettingsContentView.swift in Sources */,
				02F0261E261C930A00655E54 /* emailTextField.swift in Sources */,
				02F02623261C935A00655E54 /* FirestoreViewModel.swift in Sources */,
				02F0263B261C95A900655E54 /* passwordResetView.swift in Sources */,
				02E7F7282620856100C00545 /* TimetableContentView.swift in Sources */,
				02E7F6EE261FD71700C00545 /* setDataButton.swift in Sources */,
				02E7F6C3261FD58900C00545 /* settingsVersion.swift in Sources */,
				02F025B8261BDE7900655E54 /* CalcTime.swift in Sources */,
				02F025E7261BE54700655E54 /* LoginViewModel.swift in Sources */,
				02F02628261C939F00655E54 /* loginButton.swift in Sources */,
				02E7F6B1261FD4F400C00545 /* SettingsViewModel.swift in Sources */,
				02F0270D261E7E8100655E54 /* numberFieldPlusAlertView.swift in Sources */,
				02F02588261BDD7F00655E54 /* mytimetablemaker_swiftui.xcdatamodeld in Sources */,
				02F02640261C95E400655E54 /* signUpView.swift in Sources */,
				02F026E2261DEC7100655E54 /* stateButton.swift in Sources */,
				02E7F6F3261FD72900C00545 /* getDataButton.swift in Sources */,
				02E7F7462620874E00C00545 /* imagePickerView.swift in Sources */,
				02F026F1261DED0400655E54 /* transitInfoAlertView.swift in Sources */,
				02E7F6FD261FD7F200C00545 /* VariousSettingsContentView.swift in Sources */,
				02E7F75526208B4E00C00545 /* timeFieldAlertView.swift in Sources */,
				02F026D3261D396A00655E54 /* moveSettingsButton.swift in Sources */,
				02E7F6D2261FD61400C00545 /* settingsChangeLine.swift in Sources */,
				02F026CE261D393500655E54 /* MainHeaderView.swift in Sources */,
				02E7F6B6261FD52000C00545 /* settingsLinkView.swift in Sources */,
				02E7F7192620840700C00545 /* settingsRideTime.swift in Sources */,
				0257E435263E1BF500D45CFB /* Common.swift in Sources */,
				02F025CF261BDF2D00655E54 /* Timetable.swift in Sources */,
				0212A534263C35C600627363 /* settingsStations.swift in Sources */,
				02F02694261D2F4700655E54 /* datePickerLabel.swift in Sources */,
				02F02650261C97A400655E54 /* termsLinkView.swift in Sources */,
				02C15511262BC9170037EEC0 /* ContentView.swift in Sources */,
				02F02648261C976C00655E54 /* signUpButton.swift in Sources */,
				02F026C9261D38F900655E54 /* MainContentView.swift in Sources */,
				02E7F72D2620858600C00545 /* TimetableTitleView.swift in Sources */,
				02E7F71E2620848D00C00545 /* settingsTransitTime.swift in Sources */,
				0257E432263E1B3D00D45CFB /* Color.swift in Sources */,
				02F02708261E7C0C00655E54 /* numberFieldAlertView.swift in Sources */,
				02F02632261C952500655E54 /* moveSignUpButton.swift in Sources */,
				02F025CA261BDF0600655E54 /* LineData.swift in Sources */,
				02E7F714262083A000C00545 /* settingsLineName.swift in Sources */,
				02F02703261DF41900655E54 /* textFieldPlusAlertView.swift in Sources */,
				02E7F6D7261FD63A00C00545 /* settingsBackButton.swift in Sources */,
				02E7F732262085A800C00545 /* TimetableGridView.swift in Sources */,
				02E7F6E6261FD6F800C00545 /* logOutButton.swift in Sources */,
				02E7F74B2620877700C00545 /* imagePicker.swift in Sources */,
				0212A536263D897200627363 /* stationAndTime.swift in Sources */,
				02F026C4261D38BF00655E54 /* lineInfoAlertLabel.swift in Sources */,
				02E7F6E1261FD6DA00C00545 /* deleteAccountButton.swift in Sources */,
				022E53302630EAB6007921D9 /* variousSettingsBackButton.swift in Sources */,
				02F02616261C92C300655E54 /* emailPlusTextField.swift in Sources */,
				02F026DD261DEC4800655E54 /* routeInfoView.swift in Sources */,
				02F02699261D2FA000655E54 /* textFieldAlertView.swift in Sources */,
				02F025F2261BE77D00655E54 /* LoginBackgroundView.swift in Sources */,
				02C15519262BCFBB0037EEC0 /* passwordResetAlertView.swift in Sources */,
				02F025BD261BDEA000655E54 /* DateAndTime.swift in Sources */,
				02F0262D261C94E600655E54 /* LoginContentView.swift in Sources */,
				02F025C5261BDED100655E54 /* EnumSetting.swift in Sources */,
				02F0267D261C9C9000655E54 /* loginTitleView.swift in Sources */,
				02F0257C261BDD7E00655E54 /* mytimetablemaker_swiftuiApp.swift in Sources */,
				02E7F6CD261FD5E800C00545 /* settingsSwitchRoute2.swift in Sources */,
				02F025ED261BE5A500655E54 /* MainViewModel.swift in Sources */,
			);
			runOnlyForDeploymentPostprocessing = 0;
		};
		02F0258A261BDD7F00655E54 /* Sources */ = {
			isa = PBXSourcesBuildPhase;
			buildActionMask = 2147483647;
			files = (
				02F02593261BDD7F00655E54 /* mytimetablemaker_swiftuiTests.swift in Sources */,
			);
			runOnlyForDeploymentPostprocessing = 0;
		};
		02F02595261BDD7F00655E54 /* Sources */ = {
			isa = PBXSourcesBuildPhase;
			buildActionMask = 2147483647;
			files = (
				02F0259E261BDD7F00655E54 /* mytimetablemaker_swiftuiUITests.swift in Sources */,
			);
			runOnlyForDeploymentPostprocessing = 0;
		};
/* End PBXSourcesBuildPhase section */

/* Begin PBXTargetDependency section */
		02F02590261BDD7F00655E54 /* PBXTargetDependency */ = {
			isa = PBXTargetDependency;
			target = 02F02577261BDD7E00655E54 /* mytimetablemaker_swiftui */;
			targetProxy = 02F0258F261BDD7F00655E54 /* PBXContainerItemProxy */;
		};
		02F0259B261BDD7F00655E54 /* PBXTargetDependency */ = {
			isa = PBXTargetDependency;
			target = 02F02577261BDD7E00655E54 /* mytimetablemaker_swiftui */;
			targetProxy = 02F0259A261BDD7F00655E54 /* PBXContainerItemProxy */;
		};
/* End PBXTargetDependency section */

/* Begin PBXVariantGroup section */
		022E53442633B3C0007921D9 /* InfoPlist.strings */ = {
			isa = PBXVariantGroup;
			children = (
				022E53432633B3C0007921D9 /* ja */,
			);
			name = InfoPlist.strings;
			sourceTree = "<group>";
		};
		02E7F6A0261F35D700C00545 /* Localizable.strings */ = {
			isa = PBXVariantGroup;
			children = (
				02E7F69F261F35D700C00545 /* ja */,
				02E7F6A4261F35DE00C00545 /* en */,
			);
			name = Localizable.strings;
			sourceTree = "<group>";
		};
/* End PBXVariantGroup section */

/* Begin XCBuildConfiguration section */
		02F025A0261BDD7F00655E54 /* Debug */ = {
			isa = XCBuildConfiguration;
			buildSettings = {
				ALWAYS_SEARCH_USER_PATHS = NO;
				CLANG_ANALYZER_LOCALIZABILITY_NONLOCALIZED = YES;
				CLANG_ANALYZER_NONNULL = YES;
				CLANG_ANALYZER_NUMBER_OBJECT_CONVERSION = YES_AGGRESSIVE;
				CLANG_CXX_LANGUAGE_STANDARD = "gnu++14";
				CLANG_CXX_LIBRARY = "libc++";
				CLANG_ENABLE_MODULES = YES;
				CLANG_ENABLE_OBJC_ARC = YES;
				CLANG_ENABLE_OBJC_WEAK = YES;
				CLANG_WARN_BLOCK_CAPTURE_AUTORELEASING = YES;
				CLANG_WARN_BOOL_CONVERSION = YES;
				CLANG_WARN_COMMA = YES;
				CLANG_WARN_CONSTANT_CONVERSION = YES;
				CLANG_WARN_DEPRECATED_OBJC_IMPLEMENTATIONS = YES;
				CLANG_WARN_DIRECT_OBJC_ISA_USAGE = YES_ERROR;
				CLANG_WARN_DOCUMENTATION_COMMENTS = YES;
				CLANG_WARN_EMPTY_BODY = YES;
				CLANG_WARN_ENUM_CONVERSION = YES;
				CLANG_WARN_INFINITE_RECURSION = YES;
				CLANG_WARN_INT_CONVERSION = YES;
				CLANG_WARN_NON_LITERAL_NULL_CONVERSION = YES;
				CLANG_WARN_OBJC_IMPLICIT_RETAIN_SELF = YES;
				CLANG_WARN_OBJC_LITERAL_CONVERSION = YES;
				CLANG_WARN_OBJC_ROOT_CLASS = YES_ERROR;
				CLANG_WARN_QUOTED_INCLUDE_IN_FRAMEWORK_HEADER = YES;
				CLANG_WARN_RANGE_LOOP_ANALYSIS = YES;
				CLANG_WARN_STRICT_PROTOTYPES = YES;
				CLANG_WARN_SUSPICIOUS_MOVE = YES;
				CLANG_WARN_UNGUARDED_AVAILABILITY = YES_AGGRESSIVE;
				CLANG_WARN_UNREACHABLE_CODE = YES;
				CLANG_WARN__DUPLICATE_METHOD_MATCH = YES;
				COPY_PHASE_STRIP = NO;
				DEBUG_INFORMATION_FORMAT = dwarf;
				ENABLE_STRICT_OBJC_MSGSEND = YES;
				ENABLE_TESTABILITY = YES;
				GCC_C_LANGUAGE_STANDARD = gnu11;
				GCC_DYNAMIC_NO_PIC = NO;
				GCC_NO_COMMON_BLOCKS = YES;
				GCC_OPTIMIZATION_LEVEL = 0;
				GCC_PREPROCESSOR_DEFINITIONS = (
					"DEBUG=1",
					"$(inherited)",
				);
				GCC_WARN_64_TO_32_BIT_CONVERSION = YES;
				GCC_WARN_ABOUT_RETURN_TYPE = YES_ERROR;
				GCC_WARN_UNDECLARED_SELECTOR = YES;
				GCC_WARN_UNINITIALIZED_AUTOS = YES_AGGRESSIVE;
				GCC_WARN_UNUSED_FUNCTION = YES;
				GCC_WARN_UNUSED_VARIABLE = YES;
				IPHONEOS_DEPLOYMENT_TARGET = 14.4;
				MTL_ENABLE_DEBUG_INFO = INCLUDE_SOURCE;
				MTL_FAST_MATH = YES;
				ONLY_ACTIVE_ARCH = YES;
				SDKROOT = iphoneos;
				SWIFT_ACTIVE_COMPILATION_CONDITIONS = DEBUG;
				SWIFT_OPTIMIZATION_LEVEL = "-Onone";
			};
			name = Debug;
		};
		02F025A1261BDD7F00655E54 /* Release */ = {
			isa = XCBuildConfiguration;
			buildSettings = {
				ALWAYS_SEARCH_USER_PATHS = NO;
				CLANG_ANALYZER_LOCALIZABILITY_NONLOCALIZED = YES;
				CLANG_ANALYZER_NONNULL = YES;
				CLANG_ANALYZER_NUMBER_OBJECT_CONVERSION = YES_AGGRESSIVE;
				CLANG_CXX_LANGUAGE_STANDARD = "gnu++14";
				CLANG_CXX_LIBRARY = "libc++";
				CLANG_ENABLE_MODULES = YES;
				CLANG_ENABLE_OBJC_ARC = YES;
				CLANG_ENABLE_OBJC_WEAK = YES;
				CLANG_WARN_BLOCK_CAPTURE_AUTORELEASING = YES;
				CLANG_WARN_BOOL_CONVERSION = YES;
				CLANG_WARN_COMMA = YES;
				CLANG_WARN_CONSTANT_CONVERSION = YES;
				CLANG_WARN_DEPRECATED_OBJC_IMPLEMENTATIONS = YES;
				CLANG_WARN_DIRECT_OBJC_ISA_USAGE = YES_ERROR;
				CLANG_WARN_DOCUMENTATION_COMMENTS = YES;
				CLANG_WARN_EMPTY_BODY = YES;
				CLANG_WARN_ENUM_CONVERSION = YES;
				CLANG_WARN_INFINITE_RECURSION = YES;
				CLANG_WARN_INT_CONVERSION = YES;
				CLANG_WARN_NON_LITERAL_NULL_CONVERSION = YES;
				CLANG_WARN_OBJC_IMPLICIT_RETAIN_SELF = YES;
				CLANG_WARN_OBJC_LITERAL_CONVERSION = YES;
				CLANG_WARN_OBJC_ROOT_CLASS = YES_ERROR;
				CLANG_WARN_QUOTED_INCLUDE_IN_FRAMEWORK_HEADER = YES;
				CLANG_WARN_RANGE_LOOP_ANALYSIS = YES;
				CLANG_WARN_STRICT_PROTOTYPES = YES;
				CLANG_WARN_SUSPICIOUS_MOVE = YES;
				CLANG_WARN_UNGUARDED_AVAILABILITY = YES_AGGRESSIVE;
				CLANG_WARN_UNREACHABLE_CODE = YES;
				CLANG_WARN__DUPLICATE_METHOD_MATCH = YES;
				COPY_PHASE_STRIP = NO;
				DEBUG_INFORMATION_FORMAT = "dwarf-with-dsym";
				ENABLE_NS_ASSERTIONS = NO;
				ENABLE_STRICT_OBJC_MSGSEND = YES;
				GCC_C_LANGUAGE_STANDARD = gnu11;
				GCC_NO_COMMON_BLOCKS = YES;
				GCC_WARN_64_TO_32_BIT_CONVERSION = YES;
				GCC_WARN_ABOUT_RETURN_TYPE = YES_ERROR;
				GCC_WARN_UNDECLARED_SELECTOR = YES;
				GCC_WARN_UNINITIALIZED_AUTOS = YES_AGGRESSIVE;
				GCC_WARN_UNUSED_FUNCTION = YES;
				GCC_WARN_UNUSED_VARIABLE = YES;
				IPHONEOS_DEPLOYMENT_TARGET = 14.4;
				MTL_ENABLE_DEBUG_INFO = NO;
				MTL_FAST_MATH = YES;
				SDKROOT = iphoneos;
				SWIFT_COMPILATION_MODE = wholemodule;
				SWIFT_OPTIMIZATION_LEVEL = "-O";
				VALIDATE_PRODUCT = YES;
			};
			name = Release;
		};
		02F025A3261BDD7F00655E54 /* Debug */ = {
			isa = XCBuildConfiguration;
			baseConfigurationReference = 3065381D4BC994B2C5F659E6 /* Pods-mytimetablemaker_swiftui.debug.xcconfig */;
			buildSettings = {
				ASSETCATALOG_COMPILER_APPICON_NAME = AppIcon;
				ASSETCATALOG_COMPILER_GLOBAL_ACCENT_COLOR_NAME = AccentColor;
				CODE_SIGN_STYLE = Automatic;
				CURRENT_PROJECT_VERSION = 127;
				DEVELOPMENT_ASSET_PATHS = "\"mytimetablemaker_swiftui/Preview Content\"";
				DEVELOPMENT_TEAM = P3MMV68RR4;
				ENABLE_PREVIEWS = YES;
				INFOPLIST_FILE = mytimetablemaker_swiftui/Info.plist;
				IPHONEOS_DEPLOYMENT_TARGET = 14.0;
				LD_RUNPATH_SEARCH_PATHS = (
					"$(inherited)",
					"@executable_path/Frameworks",
				);
				MARKETING_VERSION = 1.2.7;
				PRODUCT_BUNDLE_IDENTIFIER = Personal.mytimetablemaker;
				PRODUCT_NAME = "$(TARGET_NAME)";
				SWIFT_VERSION = 5.0;
				TARGETED_DEVICE_FAMILY = "1,2";
			};
			name = Debug;
		};
		02F025A4261BDD7F00655E54 /* Release */ = {
			isa = XCBuildConfiguration;
			baseConfigurationReference = C1ACE500666BBC902619CB87 /* Pods-mytimetablemaker_swiftui.release.xcconfig */;
			buildSettings = {
				ASSETCATALOG_COMPILER_APPICON_NAME = AppIcon;
				ASSETCATALOG_COMPILER_GLOBAL_ACCENT_COLOR_NAME = AccentColor;
				CODE_SIGN_ENTITLEMENTS = mytimetablemaker_swiftui/mytimetablemaker_swiftuiRelease.entitlements;
				CODE_SIGN_STYLE = Automatic;
				CURRENT_PROJECT_VERSION = 127;
				DEVELOPMENT_ASSET_PATHS = "\"mytimetablemaker_swiftui/Preview Content\"";
				DEVELOPMENT_TEAM = P3MMV68RR4;
				ENABLE_PREVIEWS = YES;
				INFOPLIST_FILE = mytimetablemaker_swiftui/Info.plist;
				IPHONEOS_DEPLOYMENT_TARGET = 14.0;
				LD_RUNPATH_SEARCH_PATHS = (
					"$(inherited)",
					"@executable_path/Frameworks",
				);
				MARKETING_VERSION = 1.2.7;
				PRODUCT_BUNDLE_IDENTIFIER = Personal.mytimetablemaker;
				PRODUCT_NAME = "$(TARGET_NAME)";
				SWIFT_VERSION = 5.0;
				TARGETED_DEVICE_FAMILY = "1,2";
			};
			name = Release;
		};
		02F025A6261BDD7F00655E54 /* Debug */ = {
			isa = XCBuildConfiguration;
			baseConfigurationReference = 20DE2FA1CCFA9FB19B020B60 /* Pods-mytimetablemaker_swiftuiTests.debug.xcconfig */;
			buildSettings = {
				ALWAYS_EMBED_SWIFT_STANDARD_LIBRARIES = YES;
				BUNDLE_LOADER = "$(TEST_HOST)";
				CODE_SIGN_STYLE = Automatic;
				DEVELOPMENT_TEAM = P3MMV68RR4;
				INFOPLIST_FILE = mytimetablemaker_swiftuiTests/Info.plist;
				IPHONEOS_DEPLOYMENT_TARGET = 14.0;
				LD_RUNPATH_SEARCH_PATHS = (
					"$(inherited)",
					"@executable_path/Frameworks",
					"@loader_path/Frameworks",
				);
				PRODUCT_BUNDLE_IDENTIFIER = "nakajimamasaoappstudio.mytimetablemaker-swiftuiTests";
				PRODUCT_NAME = "$(TARGET_NAME)";
				SWIFT_VERSION = 5.0;
				TARGETED_DEVICE_FAMILY = "1,2";
				TEST_HOST = "$(BUILT_PRODUCTS_DIR)/mytimetablemaker_swiftui.app/mytimetablemaker_swiftui";
			};
			name = Debug;
		};
		02F025A7261BDD7F00655E54 /* Release */ = {
			isa = XCBuildConfiguration;
			baseConfigurationReference = 732CF3C7F5E63781D8A37B02 /* Pods-mytimetablemaker_swiftuiTests.release.xcconfig */;
			buildSettings = {
				ALWAYS_EMBED_SWIFT_STANDARD_LIBRARIES = YES;
				BUNDLE_LOADER = "$(TEST_HOST)";
				CODE_SIGN_STYLE = Automatic;
				DEVELOPMENT_TEAM = P3MMV68RR4;
				INFOPLIST_FILE = mytimetablemaker_swiftuiTests/Info.plist;
				IPHONEOS_DEPLOYMENT_TARGET = 14.0;
				LD_RUNPATH_SEARCH_PATHS = (
					"$(inherited)",
					"@executable_path/Frameworks",
					"@loader_path/Frameworks",
				);
				PRODUCT_BUNDLE_IDENTIFIER = "nakajimamasaoappstudio.mytimetablemaker-swiftuiTests";
				PRODUCT_NAME = "$(TARGET_NAME)";
				SWIFT_VERSION = 5.0;
				TARGETED_DEVICE_FAMILY = "1,2";
				TEST_HOST = "$(BUILT_PRODUCTS_DIR)/mytimetablemaker_swiftui.app/mytimetablemaker_swiftui";
			};
			name = Release;
		};
		02F025A9261BDD7F00655E54 /* Debug */ = {
			isa = XCBuildConfiguration;
			baseConfigurationReference = 7D11E2EE441F17C4FBFBB148 /* Pods-mytimetablemaker_swiftui-mytimetablemaker_swiftuiUITests.debug.xcconfig */;
			buildSettings = {
				ALWAYS_EMBED_SWIFT_STANDARD_LIBRARIES = YES;
				CODE_SIGN_STYLE = Automatic;
				DEVELOPMENT_TEAM = P3MMV68RR4;
				INFOPLIST_FILE = mytimetablemaker_swiftuiUITests/Info.plist;
				LD_RUNPATH_SEARCH_PATHS = (
					"$(inherited)",
					"@executable_path/Frameworks",
					"@loader_path/Frameworks",
				);
				PRODUCT_BUNDLE_IDENTIFIER = "nakajimamasaoappstudio.mytimetablemaker-swiftuiUITests";
				PRODUCT_NAME = "$(TARGET_NAME)";
				SWIFT_VERSION = 5.0;
				TARGETED_DEVICE_FAMILY = "1,2";
				TEST_TARGET_NAME = mytimetablemaker_swiftui;
			};
			name = Debug;
		};
		02F025AA261BDD7F00655E54 /* Release */ = {
			isa = XCBuildConfiguration;
			baseConfigurationReference = 40407DB5CA70BCB3EDCF1044 /* Pods-mytimetablemaker_swiftui-mytimetablemaker_swiftuiUITests.release.xcconfig */;
			buildSettings = {
				ALWAYS_EMBED_SWIFT_STANDARD_LIBRARIES = YES;
				CODE_SIGN_STYLE = Automatic;
				DEVELOPMENT_TEAM = P3MMV68RR4;
				INFOPLIST_FILE = mytimetablemaker_swiftuiUITests/Info.plist;
				LD_RUNPATH_SEARCH_PATHS = (
					"$(inherited)",
					"@executable_path/Frameworks",
					"@loader_path/Frameworks",
				);
				PRODUCT_BUNDLE_IDENTIFIER = "nakajimamasaoappstudio.mytimetablemaker-swiftuiUITests";
				PRODUCT_NAME = "$(TARGET_NAME)";
				SWIFT_VERSION = 5.0;
				TARGETED_DEVICE_FAMILY = "1,2";
				TEST_TARGET_NAME = mytimetablemaker_swiftui;
			};
			name = Release;
		};
/* End XCBuildConfiguration section */

/* Begin XCConfigurationList section */
		02F02573261BDD7E00655E54 /* Build configuration list for PBXProject "mytimetablemaker_swiftui" */ = {
			isa = XCConfigurationList;
			buildConfigurations = (
				02F025A0261BDD7F00655E54 /* Debug */,
				02F025A1261BDD7F00655E54 /* Release */,
			);
			defaultConfigurationIsVisible = 0;
			defaultConfigurationName = Release;
		};
		02F025A2261BDD7F00655E54 /* Build configuration list for PBXNativeTarget "mytimetablemaker_swiftui" */ = {
			isa = XCConfigurationList;
			buildConfigurations = (
				02F025A3261BDD7F00655E54 /* Debug */,
				02F025A4261BDD7F00655E54 /* Release */,
			);
			defaultConfigurationIsVisible = 0;
			defaultConfigurationName = Release;
		};
		02F025A5261BDD7F00655E54 /* Build configuration list for PBXNativeTarget "mytimetablemaker_swiftuiTests" */ = {
			isa = XCConfigurationList;
			buildConfigurations = (
				02F025A6261BDD7F00655E54 /* Debug */,
				02F025A7261BDD7F00655E54 /* Release */,
			);
			defaultConfigurationIsVisible = 0;
			defaultConfigurationName = Release;
		};
		02F025A8261BDD7F00655E54 /* Build configuration list for PBXNativeTarget "mytimetablemaker_swiftuiUITests" */ = {
			isa = XCConfigurationList;
			buildConfigurations = (
				02F025A9261BDD7F00655E54 /* Debug */,
				02F025AA261BDD7F00655E54 /* Release */,
			);
			defaultConfigurationIsVisible = 0;
			defaultConfigurationName = Release;
		};
/* End XCConfigurationList section */

/* Begin XCVersionGroup section */
		02F02586261BDD7F00655E54 /* mytimetablemaker_swiftui.xcdatamodeld */ = {
			isa = XCVersionGroup;
			children = (
				02F02587261BDD7F00655E54 /* mytimetablemaker_swiftui.xcdatamodel */,
			);
			currentVersion = 02F02587261BDD7F00655E54 /* mytimetablemaker_swiftui.xcdatamodel */;
			path = mytimetablemaker_swiftui.xcdatamodeld;
			sourceTree = "<group>";
			versionGroupType = wrapper.xcdatamodel;
		};
/* End XCVersionGroup section */
	};
	rootObject = 02F02570261BDD7E00655E54 /* Project object */;
}
